
Microsoft Visual Studio Solution File, Format Version 12.00
# Visual Studio Version 17
VisualStudioVersion = 17.4.33122.133
MinimumVisualStudioVersion = 10.0.40219.1
Project("{FAE04EC0-301F-11D3-BF4B-00C04F79EFBC}") = "conectandoMysql", "conectandoMysql\conectandoMysql.csproj", "{6369EF92-3A9F-4BCB-A378-8CA7CEBFCB48}"
EndProject
Global
	GlobalSection(SolutionConfigurationPlatforms) = preSolution
		Debug|Any CPU = Debug|Any CPU
		Release|Any CPU = Release|Any CPU
	EndGlobalSection
	GlobalSection(ProjectConfigurationPlatforms) = postSolution
		{6369EF92-3A9F-4BCB-A378-8CA7CEBFCB48}.Debug|Any CPU.ActiveCfg = Debug|Any CPU
		{6369EF92-3A9F-4BCB-A378-8CA7CEBFCB48}.Debug|Any CPU.Build.0 = Debug|Any CPU
		{6369EF92-3A9F-4BCB-A378-8CA7CEBFCB48}.Release|Any CPU.ActiveCfg = Release|Any CPU
		{6369EF92-3A9F-4BCB-A378-8CA7CEBFCB48}.Release|Any CPU.Build.0 = Release|Any CPU
	EndGlobalSection
	GlobalSection(SolutionProperties) = preSolution
		HideSolutionNode = FALSE
	EndGlobalSection
	GlobalSection(ExtensibilityGlobals) = postSolution
		SolutionGuid = {E2DA1BB2-039A-4C9E-9F84-2507E3FD2E90}
	EndGlobalSection
EndGlobal
